
Microsoft Visual Studio Solution File, Format Version 12.00
# Visual Studio 15
VisualStudioVersion = 15.0.28307.852
MinimumVisualStudioVersion = 10.0.40219.1
Project("{FAE04EC0-301F-11D3-BF4B-00C04F79EFBC}") = "BayesNET", "BayesNET\BayesNET.csproj", "{BE38EC73-F238-4786-89B1-F708F27E016E}"
EndProject
Global
	GlobalSection(SolutionConfigurationPlatforms) = preSolution
		Debug|Any CPU = Debug|Any CPU
		Release|Any CPU = Release|Any CPU
	EndGlobalSection
	GlobalSection(ProjectConfigurationPlatforms) = postSolution
		{BE38EC73-F238-4786-89B1-F708F27E016E}.Debug|Any CPU.ActiveCfg = Debug|Any CPU
		{BE38EC73-F238-4786-89B1-F708F27E016E}.Debug|Any CPU.Build.0 = Debug|Any CPU
		{BE38EC73-F238-4786-89B1-F708F27E016E}.Release|Any CPU.ActiveCfg = Release|Any CPU
		{BE38EC73-F238-4786-89B1-F708F27E016E}.Release|Any CPU.Build.0 = Release|Any CPU
	EndGlobalSection
	GlobalSection(SolutionProperties) = preSolution
		HideSolutionNode = FALSE
	EndGlobalSection
	GlobalSection(ExtensibilityGlobals) = postSolution
		SolutionGuid = {51993EBA-BB98-4734-BBE4-A3BC1F483044}
	EndGlobalSection
EndGlobal
